<?xml version="1.0" encoding="utf-8"?>
<Project ToolsVersion="4.0" xmlns="http://schemas.microsoft.com/developer/msbuild/2003">
  <ItemGroup>
    <Filter Include="Исходные файлы">
      <UniqueIdentifier>{4FC737F1-C7A5-4376-A066-2A32D752A2FF}</UniqueIdentifier>
      <Extensions>cpp;c;cc;cxx;c++;cppm;ixx;def;odl;idl;hpj;bat;asm;asmx</Extensions>
    </Filter>
    <Filter Include="Файлы заголовков">
      <UniqueIdentifier>{93995380-89BD-4b04-88EB-625FBE52EBFB}</UniqueIdentifier>
      <Extensions>h;hh;hpp;hxx;h++;hm;inl;inc;ipp;xsd</Extensions>
    </Filter>
    <Filter Include="Файлы ресурсов">
      <UniqueIdentifier>{67DA6AB6-F800-4c08-8B7A-83BB121AAD01}</UniqueIdentifier>
      <Extensions>rc;ico;cur;bmp;dlg;rc2;rct;bin;rgs;gif;jpg;jpeg;jpe;resx;tiff;tif;png;wav;mfcribbon-ms</Extensions>
    </Filter>
  </ItemGroup>
  <ItemGroup>
    <ClCompile Include="hard_menu.c">
      <Filter>Исходные файлы</Filter>
    </ClCompile>
    <ClCompile Include="bubble_sort.c">
      <Filter>Исходные файлы</Filter>
    </ClCompile>
    <ClCompile Include="generate_mass_by_hand.c">
      <Filter>Исходные файлы</Filter>
    </ClCompile>
    <ClCompile Include="generate_mass_auto.c">
      <Filter>Исходные файлы</Filter>
    </ClCompile>
    <ClCompile Include="print_mass.c">
      <Filter>Исходные файлы</Filter>
    </ClCompile>
    <ClCompile Include="just_search.c">
      <Filter>Исходные файлы</Filter>
    </ClCompile>
    <ClCompile Include="binar_search.c">
      <Filter>Исходные файлы</Filter>
    </ClCompile>
    <ClCompile Include="shell_sort.c">
      <Filter>Исходные файлы</Filter>
    </ClCompile>
    <ClCompile Include="insertion_sort.c">
      <Filter>Исходные файлы</Filter>
    </ClCompile>
    <ClCompile Include="counting_sort.c">
      <Filter>Исходные файлы</Filter>
    </ClCompile>
    <ClCompile Include="reb_mass.c">
      <Filter>Исходные файлы</Filter>
    </ClCompile>
    <ClCompile Include="compare_stats.c">
      <Filter>Исходные файлы</Filter>
    </ClCompile>
    <ClCompile Include="compare_stats1.c">
      <Filter>Исходные файлы</Filter>
    </ClCompile>
    <ClCompile Include="gener_mass_for_comps.c">
      <Filter>Исходные файлы</Filter>
    </ClCompile>
    <ClCompile Include="input.c">
      <Filter>Исходные файлы</Filter>
    </ClCompile>
    <ClCompile Include="construct_menu.c">
      <Filter>Исходные файлы</Filter>
    </ClCompile>
  </ItemGroup>
  <ItemGroup>
    <ClInclude Include="functions.h">
      <Filter>Файлы заголовков</Filter>
    </ClInclude>
  </ItemGroup>
</Project>